{
  "name": "BudgetBuddy",
  "lockfileVersion": 3,
  "requires": true,
  "packages": {
    "": {
      "dependencies": {
        "module-resolver": "^1.0.0"
      }
    },
    "node_modules/module-resolver": {
      "version": "1.0.0",
      "resolved": "https://registry.npmjs.org/module-resolver/-/module-resolver-1.0.0.tgz",
      "integrity": "sha512-W1RUbays629I+JtqOnjjiPCad5wsfLCW+CxcmgU+tsQSkKqmIFk1tHfmG3OauB1utmKasHCSIQ2Y2xBJTyGsjQ==",
      "engines": {
        "node": ">=0.4.0"
      }
    }
  }
}
